
Microsoft Visual Studio Solution File, Format Version 12.00
Project("{FAE04EC0-301F-11D3-BF4B-00C04F79EFBC}") = "Egzamin2023", "Egzamin2023\Egzamin2023.csproj", "{946C710C-B9D0-4F00-BA58-7AD0E10D9967}"
EndProject
Project("{FAE04EC0-301F-11D3-BF4B-00C04F79EFBC}") = "Egzamin2023Test", "Egzamin2023Test\Egzamin2023Test.csproj", "{62498F57-862A-4F37-A263-03B17F313CE4}"
EndProject
Global
	GlobalSection(SolutionConfigurationPlatforms) = preSolution
		Debug|Any CPU = Debug|Any CPU
		Release|Any CPU = Release|Any CPU
	EndGlobalSection
	GlobalSection(ProjectConfigurationPlatforms) = postSolution
		{946C710C-B9D0-4F00-BA58-7AD0E10D9967}.Debug|Any CPU.ActiveCfg = Debug|Any CPU
		{946C710C-B9D0-4F00-BA58-7AD0E10D9967}.Debug|Any CPU.Build.0 = Debug|Any CPU
		{946C710C-B9D0-4F00-BA58-7AD0E10D9967}.Release|Any CPU.ActiveCfg = Release|Any CPU
		{946C710C-B9D0-4F00-BA58-7AD0E10D9967}.Release|Any CPU.Build.0 = Release|Any CPU
		{62498F57-862A-4F37-A263-03B17F313CE4}.Debug|Any CPU.ActiveCfg = Debug|Any CPU
		{62498F57-862A-4F37-A263-03B17F313CE4}.Debug|Any CPU.Build.0 = Debug|Any CPU
		{62498F57-862A-4F37-A263-03B17F313CE4}.Release|Any CPU.ActiveCfg = Release|Any CPU
		{62498F57-862A-4F37-A263-03B17F313CE4}.Release|Any CPU.Build.0 = Release|Any CPU
	EndGlobalSection
EndGlobal
